{
  "name": "genshin-tc",
  "version": "1.0.0",
  "lockfileVersion": 2,
  "requires": true,
  "packages": {
    "": {
      "version": "1.0.0",
      "license": "MIT",
      "dependencies": {
        "genshin-db": "^3.7.3"
      }
    },
    "node_modules/fuzzysort": {
      "version": "1.1.4",
      "resolved": "https://registry.npmjs.org/fuzzysort/-/fuzzysort-1.1.4.tgz",
      "integrity": "sha512-JzK/lHjVZ6joAg3OnCjylwYXYVjRiwTY6Yb25LvfpJHK8bjisfnZJ5bY8aVWwTwCXgxPNgLAtmHL+Hs5q1ddLQ=="
    },
    "node_modules/genshin-db": {
      "version": "3.7.3",
      "resolved": "https://registry.npmjs.org/genshin-db/-/genshin-db-3.7.3.tgz",
      "integrity": "sha512-7AWNf8ENUny6YcV/yxJlU5Hk8ld/H9p6LtaI19IvJN2EmpG7BuAoNsr6kZxGtDbap/UBtZ6bshv5n36hX1ofHA==",
      "dependencies": {
        "fuzzysort": "^1.1.4"
      }
    }
  },
  "dependencies": {
    "fuzzysort": {
      "version": "1.1.4",
      "resolved": "https://registry.npmjs.org/fuzzysort/-/fuzzysort-1.1.4.tgz",
      "integrity": "sha512-JzK/lHjVZ6joAg3OnCjylwYXYVjRiwTY6Yb25LvfpJHK8bjisfnZJ5bY8aVWwTwCXgxPNgLAtmHL+Hs5q1ddLQ=="
    },
    "genshin-db": {
      "version": "3.7.3",
      "resolved": "https://registry.npmjs.org/genshin-db/-/genshin-db-3.7.3.tgz",
      "integrity": "sha512-7AWNf8ENUny6YcV/yxJlU5Hk8ld/H9p6LtaI19IvJN2EmpG7BuAoNsr6kZxGtDbap/UBtZ6bshv5n36hX1ofHA==",
      "requires": {
        "fuzzysort": "^1.1.4"
      }
    }
  }
}
